
Microsoft Visual Studio Solution File, Format Version 12.00
# Visual Studio Version 17
VisualStudioVersion = 17.11.35219.272
MinimumVisualStudioVersion = 10.0.40219.1
Project("{FAE04EC0-301F-11D3-BF4B-00C04F79EFBC}") = "Practice3Task7.cs", "Practice3Task7.cs\Practice3Task7.cs.csproj", "{586A3D2A-5077-438F-8E9E-126CC847B930}"
EndProject
Global
	GlobalSection(SolutionConfigurationPlatforms) = preSolution
		Debug|Any CPU = Debug|Any CPU
		Release|Any CPU = Release|Any CPU
	EndGlobalSection
	GlobalSection(ProjectConfigurationPlatforms) = postSolution
		{586A3D2A-5077-438F-8E9E-126CC847B930}.Debug|Any CPU.ActiveCfg = Debug|Any CPU
		{586A3D2A-5077-438F-8E9E-126CC847B930}.Debug|Any CPU.Build.0 = Debug|Any CPU
		{586A3D2A-5077-438F-8E9E-126CC847B930}.Release|Any CPU.ActiveCfg = Release|Any CPU
		{586A3D2A-5077-438F-8E9E-126CC847B930}.Release|Any CPU.Build.0 = Release|Any CPU
	EndGlobalSection
	GlobalSection(SolutionProperties) = preSolution
		HideSolutionNode = FALSE
	EndGlobalSection
	GlobalSection(ExtensibilityGlobals) = postSolution
		SolutionGuid = {EC05345C-62A0-433B-9089-5562A2D3E694}
	EndGlobalSection
EndGlobal
